{
  "version": 4,
  "terraform_version": "1.3.2",
  "serial": 23,
  "lineage": "de225043-90dd-ef44-2d32-5fa1d3154693",
  "outputs": {},
  "resources": [
    {
      "mode": "data",
      "type": "digitalocean_ssh_key",
      "name": "jornada",
      "provider": "provider[\"registry.terraform.io/digitalocean/digitalocean\"]",
      "instances": [
        {
          "schema_version": 0,
          "attributes": {
            "fingerprint": "8f:11:ac:d1:84:a0:99:e1:83:bd:f0:ef:58:75:5e:11",
            "id": 36562368,
            "name": "jornada",
            "public_key": "ssh-rsa AAAAB3NzaC1yc2EAAAADAQABAAABAQDvuXHJemioubaMsnAp31W8TdVe7BxGalypJKrfXt6wO2nXco6pl9PGCH8DW5mqwg+uK3eq/U0wRFms9dTnWg1D3JiQ71WuUyFN78ISlIaE7vh0mcc3yjxYx0Xy4b6L2G6VbFJP71fQpnKO+owAq1sMPEWUQhCjUUTdXTyjoTVGko2nQkQdGwlSl1Fxp++btoObKrM3Vb2v5t15vOeRy967YJ069t7kAGlBUApPY0DQTa7uIFuFVndRNyt1tdPqT9UgdBmCKzpSQ+KxChLRGNsk+Jo3lSygXqtvdbIkcJ8DTM+nAXnZmLOQUJnFrfxS21SkMrAUYt/AnGT0d/xaBM9T pc remoto@PC-Remoto"
          },
          "sensitive_attributes": []
        }
      ]
    },
    {
      "mode": "managed",
      "type": "digitalocean_droplet",
      "name": "Jenkins",
      "provider": "provider[\"registry.terraform.io/digitalocean/digitalocean\"]",
      "instances": [
        {
          "schema_version": 1,
          "attributes": {
            "backups": false,
            "created_at": "2022-10-23T01:55:05Z",
            "disk": 60,
            "droplet_agent": null,
            "graceful_shutdown": false,
            "id": "322433267",
            "image": "ubuntu-22-04-x64",
            "ipv4_address": "147.182.217.209",
            "ipv4_address_private": "10.116.0.2",
            "ipv6": false,
            "ipv6_address": "",
            "locked": false,
            "memory": 2048,
            "monitoring": false,
            "name": "Jenkins.vm",
            "price_hourly": 0.02679,
            "price_monthly": 18,
            "private_networking": true,
            "region": "nyc1",
            "resize_disk": true,
            "size": "s-2vcpu-2gb",
            "ssh_keys": [
              "36562368"
            ],
            "status": "active",
            "tags": [],
            "timeouts": null,
            "urn": "do:droplet:322433267",
            "user_data": null,
            "vcpus": 2,
            "volume_ids": [],
            "vpc_uuid": "2b25bd5c-c548-490d-8aa4-39426b864127"
          },
          "sensitive_attributes": [],
          "private": "eyJlMmJmYjczMC1lY2FhLTExZTYtOGY4OC0zNDM2M2JjN2M0YzAiOnsiY3JlYXRlIjozNjAwMDAwMDAwMDAwLCJkZWxldGUiOjYwMDAwMDAwMDAwLCJ1cGRhdGUiOjM2MDAwMDAwMDAwMDB9LCJzY2hlbWFfdmVyc2lvbiI6IjEifQ==",
          "dependencies": [
            "data.digitalocean_ssh_key.jornada"
          ]
        }
      ]
    }
  ],
  "check_results": null
}
